{
  "nodes": {
    "nixpkgs": {
      "locked": {
        "lastModified": 1720031269,
        "narHash": "sha256-rwz8NJZV+387rnWpTYcXaRNvzUSnnF9aHONoJIYmiUQ=",
        "rev": "9f4128e00b0ae8ec65918efeba59db998750ead6",
        "revCount": 647193,
        "type": "tarball",
        "url": "https://api.flakehub.com/f/pinned/NixOS/nixpkgs/0.1.647193%2Brev-9f4128e00b0ae8ec65918efeba59db998750ead6/01907ed2-641e-7b86-900e-5841ef5672b6/source.tar.gz"
      },
      "original": {
        "type": "tarball",
        "url": "https://flakehub.com/f/NixOS/nixpkgs/0.1.%2A.tar.gz"
      }
    },
    "root": {
      "inputs": {
        "nixpkgs": "nixpkgs",
        "rust-overlay": "rust-overlay"
      }
    },
    "rust-overlay": {
      "inputs": {
        "nixpkgs": [
          "nixpkgs"
        ]
      },
      "locked": {
        "lastModified": 1720232258,
        "narHash": "sha256-eR5glZHS2bLpzUgTDhWGm04j+j5KMYKoDsY5DXAiuKQ=",
        "owner": "oxalica",
        "repo": "rust-overlay",
        "rev": "05ccbe21233d4e9110fc6428d2c3d74b430c3c69",
        "type": "github"
      },
      "original": {
        "owner": "oxalica",
        "repo": "rust-overlay",
        "type": "github"
      }
    }
  },
  "root": "root",
  "version": 7
}
