[edgee-v100]
url = "https://github.com/edgee-cloud/edgee-consent-management-wit/archive/refs/tags/v1.0.0.tar.gz"
sha256 = "ebe8087742aa4b63ba1d78bcd47f44bbda794ec64619fd2cfbce22d2652bf73c"
sha512 = "5aad7197a4213f4864d39e509b0ff6d1dcf7faab797e6cae6b08a6891582282af8ba87b8626df064575e5ef69244976d6821fa560f1912616b841dfab14beb74"
