[edgee-v100]
url = "https://github.com/edgee-cloud/edgee-consent-mapping-wit/archive/refs/tags/v1.0.0.tar.gz"
sha256 = "4dec99fa5f366930793ae4f1d70712bbd038aaf6e9b95eab951bb0233500261b"
sha512 = "6ecc96993f0339bc579b02718bcc87982e4fdbd556e687b1a43795e959f824020e6c095707fc45959424207722ba024dba395f1233a6e747138e6eea3aac2820"
