[edgee-v100]
url = "https://github.com/edgee-cloud/edgee-wit/archive/refs/tags/v1.0.0.tar.gz"
sha256 = "f6e11c5cde39ec04b024b1181f45e896f154f7677ff5a904c99f6af5224dc371"
sha512 = "21b045d0fb82a793a6176f6d9e98dab868563ab7906e3762601e14f06a715e36c965e83e6f5c76cf016af03df48d219b86165a7c18d14284e967d0b837bf99e4"

[edgee-v110]
url = "https://github.com/edgee-cloud/data-collection-wit/archive/refs/tags/v1.1.0-test.tar.gz"
sha256 = "dbf2430ffaa64d79082301703dda9e47bcb268383b6d695f22d203a5acfbb1c2"
sha512 = "86214a489ebf64d3a40ed4730761bae79371c20621855a4af996efcf2799840db69abc3bcde76ba78fdc85a6d1df882c5b0ba6e1a122153f50c5eb4f241935f8"
