[protocols]
url = "https://github.com/edgee-cloud/edgee-wit/archive/refs/tags/v0.2.5.tar.gz"
sha256 = "e9f41f356e8be23e62f0fea3604efbbefc7aca08301efca6bbd35c967997fa4d"
sha512 = "9e7c1a8574f29009228318c9f22a7a32b6b294a11d9dadaeac28f3e16d94fe302a5401d7137f846c1dbdb1b5f91fe68eca284f8c2fd9f7cbd1c1f69bea77c8dc"
