[protocols]
url = "https://github.com/edgee-cloud/edgee-wit/archive/refs/tags/v0.3.0.tar.gz"
sha256 = "4d412367fff6f826280acbe95f7067e362d9299d76e60994981e7e27c74d1576"
sha512 = "65021cace5ed07990fdfb563699accb975a31cb22311739ff6189849b969b06b564a0f8f72de154fd086ba474757d3cffaef0175778e4989c467280cf1c86284"
